<?xml version="1.0" encoding="utf-8"?>
<Project ToolsVersion="4.0" xmlns="http://schemas.microsoft.com/developer/msbuild/2003">
  <ItemGroup>
    <Filter Include="Source Files">
      <UniqueIdentifier>{4FC737F1-C7A5-4376-A066-2A32D752A2FF}</UniqueIdentifier>
      <Extensions>qml;cpp;c;cc;cxx;def;odl;idl;hpj;bat;asm;asmx</Extensions>
    </Filter>
    <Filter Include="Header Files">
      <UniqueIdentifier>{93995380-89BD-4b04-88EB-625FBE52EBFB}</UniqueIdentifier>
      <Extensions>h;hh;hpp;hxx;hm;inl;inc;xsd</Extensions>
    </Filter>
    <Filter Include="Resource Files">
      <UniqueIdentifier>{67DA6AB6-F800-4c08-8B7A-83BB121AAD01}</UniqueIdentifier>
      <Extensions>qrc;rc;ico;cur;bmp;dlg;rc2;rct;bin;rgs;gif;jpg;jpeg;jpe;resx;tiff;tif;png;wav;mfcribbon-ms</Extensions>
    </Filter>
    <Filter Include="Form Files">
      <UniqueIdentifier>{99349809-55BA-4b9d-BF79-8FDBB0286EB3}</UniqueIdentifier>
      <Extensions>ui</Extensions>
    </Filter>
    <Filter Include="Translation Files">
      <UniqueIdentifier>{639EADAA-A684-42e4-A9AD-28FC9BCB8F7C}</UniqueIdentifier>
      <Extensions>ts</Extensions>
    </Filter>
    <Filter Include="Form Files\components">
      <UniqueIdentifier>{c9d83bcd-903d-485e-825e-839ef52a53fd}</UniqueIdentifier>
    </Filter>
    <Filter Include="Header Files\components">
      <UniqueIdentifier>{74c99d61-7d23-406b-8e63-7b28abd9b2b2}</UniqueIdentifier>
    </Filter>
    <Filter Include="Source Files\components">
      <UniqueIdentifier>{c7a1910a-867a-431f-a14b-25e5da429e4e}</UniqueIdentifier>
    </Filter>
  </ItemGroup>
  <ItemGroup>
    <ClCompile Include="main.cpp">
      <Filter>Source Files</Filter>
    </ClCompile>
    <ClCompile Include="components\CViewSettings.cpp">
      <Filter>Source Files\components</Filter>
    </ClCompile>
    <ClCompile Include="components\CLoginWindow.cpp">
      <Filter>Source Files\components</Filter>
    </ClCompile>
    <ClCompile Include="components\CMainWindow.cpp">
      <Filter>Source Files\components</Filter>
    </ClCompile>
    <ClCompile Include="components\CViewProductDateInfo.cpp">
      <Filter>Source Files\components</Filter>
    </ClCompile>
    <ClCompile Include="components\CViewProducts.cpp">
      <Filter>Source Files\components</Filter>
    </ClCompile>
    <ClCompile Include="database\CSQLite3.cpp">
      <Filter>Source Files</Filter>
    </ClCompile>
    <ClCompile Include="network\CNetClient.cpp">
      <Filter>Source Files</Filter>
    </ClCompile>
    <ClCompile Include="log\CLogger.cpp">
      <Filter>Source Files</Filter>
    </ClCompile>
    <ClCompile Include="database\CODBC.cpp">
      <Filter>Source Files</Filter>
    </ClCompile>
    <ClCompile Include="database\CDBEngine.cpp">
      <Filter>Source Files</Filter>
    </ClCompile>
    <ClCompile Include="database\CMySQL.cpp">
      <Filter>Source Files</Filter>
    </ClCompile>
    <ClCompile Include="database\COracle.cpp">
      <Filter>Source Files</Filter>
    </ClCompile>
    <ClCompile Include="common\datetime.cpp">
      <Filter>Source Files</Filter>
    </ClCompile>
    <ClCompile Include="common\modules.cpp">
      <Filter>Source Files</Filter>
    </ClCompile>
    <ClCompile Include="network\CNetServer.cpp">
      <Filter>Source Files</Filter>
    </ClCompile>
    <ClCompile Include="network\CNet.cpp">
      <Filter>Source Files</Filter>
    </ClCompile>
    <ClCompile Include="network\common.cpp">
      <Filter>Source Files</Filter>
    </ClCompile>
    <ClCompile Include="network\CNetParser.cpp">
      <Filter>Source Files</Filter>
    </ClCompile>
    <ClCompile Include="network\CNetPool.cpp">
      <Filter>Source Files</Filter>
    </ClCompile>
    <ClCompile Include="xml\Xml.cpp">
      <Filter>Source Files</Filter>
    </ClCompile>
    <ClCompile Include="json\Json.cpp">
      <Filter>Source Files</Filter>
    </ClCompile>
    <ClCompile Include="cryption\Cryption.cpp">
      <Filter>Source Files</Filter>
    </ClCompile>
    <ClCompile Include="xml\XmlAttribute.cpp">
      <Filter>Source Files</Filter>
    </ClCompile>
    <ClCompile Include="xml\XmlDocument.cpp">
      <Filter>Source Files</Filter>
    </ClCompile>
    <ClCompile Include="xml\XmlNode.cpp">
      <Filter>Source Files</Filter>
    </ClCompile>
    <ClCompile Include="cfg\CINIHandler.cpp">
      <Filter>Source Files</Filter>
    </ClCompile>
    <ClCompile Include="cfg\CIniFile.cpp">
      <Filter>Source Files</Filter>
    </ClCompile>
    <ClCompile Include="threadpool\CThreadPool.cpp">
      <Filter>Source Files</Filter>
    </ClCompile>
  </ItemGroup>
  <ItemGroup>
    <QtMoc Include="components\CViewSettings.h">
      <Filter>Header Files\components</Filter>
    </QtMoc>
    <QtMoc Include="components\CLoginWindow.h">
      <Filter>Header Files\components</Filter>
    </QtMoc>
    <QtMoc Include="components\CMainWindow.h">
      <Filter>Header Files\components</Filter>
    </QtMoc>
    <QtMoc Include="components\CViewProductDateInfo.h">
      <Filter>Header Files\components</Filter>
    </QtMoc>
    <QtMoc Include="components\CViewProducts.h">
      <Filter>Header Files\components</Filter>
    </QtMoc>
  </ItemGroup>
  <ItemGroup>
    <QtRcc Include="components\CMainWindow.qrc">
      <Filter>Resource Files</Filter>
    </QtRcc>
    <QtRcc Include="Resource.qrc">
      <Filter>Resource Files</Filter>
    </QtRcc>
  </ItemGroup>
  <ItemGroup>
    <QtUic Include="components\CViewSettings.ui">
      <Filter>Form Files\components</Filter>
    </QtUic>
    <QtUic Include="components\CLoginWindow.ui">
      <Filter>Form Files\components</Filter>
    </QtUic>
    <QtUic Include="components\CMainWindow.ui">
      <Filter>Form Files\components</Filter>
    </QtUic>
    <QtUic Include="components\CViewProductDateInfo.ui">
      <Filter>Form Files\components</Filter>
    </QtUic>
    <QtUic Include="components\CViewProducts.ui">
      <Filter>Form Files\components</Filter>
    </QtUic>
  </ItemGroup>
  <ItemGroup>
    <ClInclude Include="common\ISingleton.h">
      <Filter>Header Files</Filter>
    </ClInclude>
    <ClInclude Include="common\datetime.h">
      <Filter>Header Files</Filter>
    </ClInclude>
    <ClInclude Include="common\utility.h">
      <Filter>Header Files</Filter>
    </ClInclude>
    <ClInclude Include="database\CSQLite3.h">
      <Filter>Header Files</Filter>
    </ClInclude>
    <ClInclude Include="network\CNetClient.h">
      <Filter>Header Files</Filter>
    </ClInclude>
    <ClInclude Include="log\CLogger.h">
      <Filter>Header Files</Filter>
    </ClInclude>
    <ClInclude Include="database\CODBC.h">
      <Filter>Header Files</Filter>
    </ClInclude>
    <ClInclude Include="database\IDataBase.h">
      <Filter>Header Files</Filter>
    </ClInclude>
    <ClInclude Include="database\CDBEngine.h">
      <Filter>Header Files</Filter>
    </ClInclude>
    <ClInclude Include="database\CMySQL.h">
      <Filter>Header Files</Filter>
    </ClInclude>
    <ClInclude Include="database\COracle.h">
      <Filter>Header Files</Filter>
    </ClInclude>
    <ClInclude Include="common\modules.h">
      <Filter>Header Files</Filter>
    </ClInclude>
    <ClInclude Include="log\Defines.h">
      <Filter>Header Files</Filter>
    </ClInclude>
    <ClInclude Include="network\CNetServer.h">
      <Filter>Header Files</Filter>
    </ClInclude>
    <ClInclude Include="network\CNet.h">
      <Filter>Header Files</Filter>
    </ClInclude>
    <ClInclude Include="network\common.h">
      <Filter>Header Files</Filter>
    </ClInclude>
    <ClInclude Include="network\CNetRouter.h">
      <Filter>Header Files</Filter>
    </ClInclude>
    <ClInclude Include="network\CNetParser.h">
      <Filter>Header Files</Filter>
    </ClInclude>
    <ClInclude Include="network\CNetPool.h">
      <Filter>Header Files</Filter>
    </ClInclude>
    <ClInclude Include="xml\Xml.h">
      <Filter>Header Files</Filter>
    </ClInclude>
    <ClInclude Include="json\Json.h">
      <Filter>Header Files</Filter>
    </ClInclude>
    <ClInclude Include="cryption\Cryption.h">
      <Filter>Header Files</Filter>
    </ClInclude>
    <ClInclude Include="xml\XmlAttribute.h">
      <Filter>Header Files</Filter>
    </ClInclude>
    <ClInclude Include="xml\XmlDocument.h">
      <Filter>Header Files</Filter>
    </ClInclude>
    <ClInclude Include="xml\XmlNode.h">
      <Filter>Header Files</Filter>
    </ClInclude>
    <ClInclude Include="cfg\CINIHandler.h">
      <Filter>Header Files</Filter>
    </ClInclude>
    <ClInclude Include="cfg\CIniFile.h">
      <Filter>Header Files</Filter>
    </ClInclude>
    <ClInclude Include="threadpool\CThreadPool.h">
      <Filter>Header Files</Filter>
    </ClInclude>
    <ClInclude Include="threadpool\defines.h">
      <Filter>Header Files</Filter>
    </ClInclude>
  </ItemGroup>
</Project>