<?xml version="1.0" encoding="utf-8"?>
<Project ToolsVersion="4.0" xmlns="http://schemas.microsoft.com/developer/msbuild/2003">
  <ItemGroup>
    <Filter Include="Source Files">
      <UniqueIdentifier>{4FC737F1-C7A5-4376-A066-2A32D752A2FF}</UniqueIdentifier>
      <Extensions>qml;cpp;c;cc;cxx;def;odl;idl;hpj;bat;asm;asmx</Extensions>
    </Filter>
    <Filter Include="Header Files">
      <UniqueIdentifier>{93995380-89BD-4b04-88EB-625FBE52EBFB}</UniqueIdentifier>
      <Extensions>h;hh;hpp;hxx;hm;inl;inc;xsd</Extensions>
    </Filter>
    <Filter Include="Resource Files">
      <UniqueIdentifier>{67DA6AB6-F800-4c08-8B7A-83BB121AAD01}</UniqueIdentifier>
      <Extensions>qrc;rc;ico;cur;bmp;dlg;rc2;rct;bin;rgs;gif;jpg;jpeg;jpe;resx;tiff;tif;png;wav;mfcribbon-ms</Extensions>
    </Filter>
    <Filter Include="Form Files">
      <UniqueIdentifier>{99349809-55BA-4b9d-BF79-8FDBB0286EB3}</UniqueIdentifier>
      <Extensions>ui</Extensions>
    </Filter>
    <Filter Include="Translation Files">
      <UniqueIdentifier>{639EADAA-A684-42e4-A9AD-28FC9BCB8F7C}</UniqueIdentifier>
      <Extensions>ts</Extensions>
    </Filter>
    <Filter Include="Form Files\components">
      <UniqueIdentifier>{c9d83bcd-903d-485e-825e-839ef52a53fd}</UniqueIdentifier>
    </Filter>
    <Filter Include="Source Files\components">
      <UniqueIdentifier>{c7a1910a-867a-431f-a14b-25e5da429e4e}</UniqueIdentifier>
    </Filter>
    <Filter Include="Source Files\network">
      <UniqueIdentifier>{72d2eb68-7687-4781-8bae-2be0e0881a47}</UniqueIdentifier>
    </Filter>
    <Filter Include="Source Files\request">
      <UniqueIdentifier>{318eed43-4c62-44d8-897c-1f469e383ffa}</UniqueIdentifier>
    </Filter>
    <Filter Include="Source Files\xml">
      <UniqueIdentifier>{71ff636a-0f7a-4b6b-988b-a2b2080eaf7b}</UniqueIdentifier>
    </Filter>
    <Filter Include="Source Files\json">
      <UniqueIdentifier>{c7cc9a1c-06ab-4c99-b451-e14bd1246b97}</UniqueIdentifier>
    </Filter>
    <Filter Include="Source Files\database">
      <UniqueIdentifier>{a13f61c2-a57d-49e6-bfa9-efdc1a942554}</UniqueIdentifier>
    </Filter>
    <Filter Include="Source Files\cryption">
      <UniqueIdentifier>{36f58e9b-2d30-4bd2-9256-0b8f6a3cc0f7}</UniqueIdentifier>
    </Filter>
    <Filter Include="Source Files\ini">
      <UniqueIdentifier>{5a9e5d59-99a9-4cb8-9018-2c55ed5d6e98}</UniqueIdentifier>
    </Filter>
    <Filter Include="Source Files\log">
      <UniqueIdentifier>{2d0b5646-c3bf-4715-b0a0-80c4e3488e7d}</UniqueIdentifier>
    </Filter>
    <Filter Include="Source Files\thread">
      <UniqueIdentifier>{f545d691-2f8c-4c7e-ad15-32dd889c74c4}</UniqueIdentifier>
    </Filter>
    <Filter Include="Source Files\common">
      <UniqueIdentifier>{d64c32a1-c064-46ca-abc7-9e1f3612b94a}</UniqueIdentifier>
    </Filter>
    <Filter Include="Source Files\base">
      <UniqueIdentifier>{f3cb2472-ec39-4a36-a2ea-a75137e98db2}</UniqueIdentifier>
    </Filter>
  </ItemGroup>
  <ItemGroup>
    <ClCompile Include="main.cpp">
      <Filter>Source Files</Filter>
    </ClCompile>
    <ClCompile Include="components\CViewSettings.cpp">
      <Filter>Source Files\components</Filter>
    </ClCompile>
    <ClCompile Include="components\CLoginWindow.cpp">
      <Filter>Source Files\components</Filter>
    </ClCompile>
    <ClCompile Include="components\CMainWindow.cpp">
      <Filter>Source Files\components</Filter>
    </ClCompile>
    <ClCompile Include="components\CViewProductDateInfo.cpp">
      <Filter>Source Files\components</Filter>
    </ClCompile>
    <ClCompile Include="components\CViewProducts.cpp">
      <Filter>Source Files\components</Filter>
    </ClCompile>
    <ClCompile Include="network\CNetDistributor.cpp">
      <Filter>Source Files\network</Filter>
    </ClCompile>
    <ClCompile Include="network\common.cpp">
      <Filter>Source Files\network</Filter>
    </ClCompile>
    <ClCompile Include="network\CNet.cpp">
      <Filter>Source Files\network</Filter>
    </ClCompile>
    <ClCompile Include="network\CNetClient.cpp">
      <Filter>Source Files\network</Filter>
    </ClCompile>
    <ClCompile Include="network\CNetPool.cpp">
      <Filter>Source Files\network</Filter>
    </ClCompile>
    <ClCompile Include="network\CNetServer.cpp">
      <Filter>Source Files\network</Filter>
    </ClCompile>
    <ClCompile Include="network\CNetTools.cpp">
      <Filter>Source Files\network</Filter>
    </ClCompile>
    <ClCompile Include="request\request.pb.cc">
      <Filter>Source Files\request</Filter>
    </ClCompile>
    <ClCompile Include="request\request.cpp">
      <Filter>Source Files\request</Filter>
    </ClCompile>
    <ClCompile Include="xml\Xml.cpp">
      <Filter>Source Files\xml</Filter>
    </ClCompile>
    <ClCompile Include="xml\XmlAttribute.cpp">
      <Filter>Source Files\xml</Filter>
    </ClCompile>
    <ClCompile Include="xml\XmlDocument.cpp">
      <Filter>Source Files\xml</Filter>
    </ClCompile>
    <ClCompile Include="xml\XmlNode.cpp">
      <Filter>Source Files\xml</Filter>
    </ClCompile>
    <ClCompile Include="json\Json.cpp">
      <Filter>Source Files\json</Filter>
    </ClCompile>
    <ClCompile Include="database\CMySQL.cpp">
      <Filter>Source Files\database</Filter>
    </ClCompile>
    <ClCompile Include="database\CODBC.cpp">
      <Filter>Source Files\database</Filter>
    </ClCompile>
    <ClCompile Include="database\COracle.cpp">
      <Filter>Source Files\database</Filter>
    </ClCompile>
    <ClCompile Include="database\CDBEngine.cpp">
      <Filter>Source Files\database</Filter>
    </ClCompile>
    <ClCompile Include="database\CSQLite3.cpp">
      <Filter>Source Files\database</Filter>
    </ClCompile>
    <ClCompile Include="cryption\Cryption.cpp">
      <Filter>Source Files\cryption</Filter>
    </ClCompile>
    <ClCompile Include="ini\CIniFile.cpp">
      <Filter>Source Files\ini</Filter>
    </ClCompile>
    <ClCompile Include="ini\CINIHandler.cpp">
      <Filter>Source Files\ini</Filter>
    </ClCompile>
    <ClCompile Include="log\CLogger.cpp">
      <Filter>Source Files\log</Filter>
    </ClCompile>
    <ClCompile Include="thread\CThreadPool.cpp">
      <Filter>Source Files\thread</Filter>
    </ClCompile>
    <ClCompile Include="common\datetime.cpp">
      <Filter>Source Files\common</Filter>
    </ClCompile>
    <ClCompile Include="common\modules.cpp">
      <Filter>Source Files\common</Filter>
    </ClCompile>
    <ClCompile Include="json\JsonDocument.cpp">
      <Filter>Source Files\json</Filter>
    </ClCompile>
    <ClCompile Include="json\JsonValue.cpp">
      <Filter>Source Files\json</Filter>
    </ClCompile>
    <ClCompile Include="base\CDatable.cpp">
      <Filter>Source Files\base</Filter>
    </ClCompile>
  </ItemGroup>
  <ItemGroup>
    <QtMoc Include="components\CLoginWindow.h">
      <Filter>Source Files\components</Filter>
    </QtMoc>
    <QtMoc Include="components\CMainWindow.h">
      <Filter>Source Files\components</Filter>
    </QtMoc>
    <QtMoc Include="components\CViewProductDateInfo.h">
      <Filter>Source Files\components</Filter>
    </QtMoc>
    <QtMoc Include="components\CViewProducts.h">
      <Filter>Source Files\components</Filter>
    </QtMoc>
    <QtMoc Include="components\CViewSettings.h">
      <Filter>Source Files\components</Filter>
    </QtMoc>
  </ItemGroup>
  <ItemGroup>
    <QtRcc Include="components\CMainWindow.qrc">
      <Filter>Resource Files</Filter>
    </QtRcc>
    <QtRcc Include="Resource.qrc">
      <Filter>Resource Files</Filter>
    </QtRcc>
  </ItemGroup>
  <ItemGroup>
    <QtUic Include="components\CViewSettings.ui">
      <Filter>Form Files\components</Filter>
    </QtUic>
    <QtUic Include="components\CLoginWindow.ui">
      <Filter>Form Files\components</Filter>
    </QtUic>
    <QtUic Include="components\CMainWindow.ui">
      <Filter>Form Files\components</Filter>
    </QtUic>
    <QtUic Include="components\CViewProductDateInfo.ui">
      <Filter>Form Files\components</Filter>
    </QtUic>
    <QtUic Include="components\CViewProducts.ui">
      <Filter>Form Files\components</Filter>
    </QtUic>
  </ItemGroup>
  <ItemGroup>
    <ClInclude Include="network\CNetDistributor.h">
      <Filter>Source Files\network</Filter>
    </ClInclude>
    <ClInclude Include="network\common.h">
      <Filter>Source Files\network</Filter>
    </ClInclude>
    <ClInclude Include="network\CNet.h">
      <Filter>Source Files\network</Filter>
    </ClInclude>
    <ClInclude Include="network\CNetClient.h">
      <Filter>Source Files\network</Filter>
    </ClInclude>
    <ClInclude Include="network\CNetPool.h">
      <Filter>Source Files\network</Filter>
    </ClInclude>
    <ClInclude Include="network\CNetRouter.h">
      <Filter>Source Files\network</Filter>
    </ClInclude>
    <ClInclude Include="network\CNetServer.h">
      <Filter>Source Files\network</Filter>
    </ClInclude>
    <ClInclude Include="network\CNetTools.h">
      <Filter>Source Files\network</Filter>
    </ClInclude>
    <ClInclude Include="request\request.h">
      <Filter>Source Files\request</Filter>
    </ClInclude>
    <ClInclude Include="request\request.pb.h">
      <Filter>Source Files\request</Filter>
    </ClInclude>
    <ClInclude Include="xml\Xml.h">
      <Filter>Source Files\xml</Filter>
    </ClInclude>
    <ClInclude Include="xml\XmlAttribute.h">
      <Filter>Source Files\xml</Filter>
    </ClInclude>
    <ClInclude Include="xml\XmlDocument.h">
      <Filter>Source Files\xml</Filter>
    </ClInclude>
    <ClInclude Include="xml\XmlNode.h">
      <Filter>Source Files\xml</Filter>
    </ClInclude>
    <ClInclude Include="database\CDBEngine.h">
      <Filter>Source Files\database</Filter>
    </ClInclude>
    <ClInclude Include="database\CODBC.h">
      <Filter>Source Files\database</Filter>
    </ClInclude>
    <ClInclude Include="database\CMySQL.h">
      <Filter>Source Files\database</Filter>
    </ClInclude>
    <ClInclude Include="database\COracle.h">
      <Filter>Source Files\database</Filter>
    </ClInclude>
    <ClInclude Include="database\CSQLite3.h">
      <Filter>Source Files\database</Filter>
    </ClInclude>
    <ClInclude Include="database\IDataBase.h">
      <Filter>Source Files\database</Filter>
    </ClInclude>
    <ClInclude Include="json\Json.h">
      <Filter>Source Files\json</Filter>
    </ClInclude>
    <ClInclude Include="cryption\Cryption.h">
      <Filter>Source Files\cryption</Filter>
    </ClInclude>
    <ClInclude Include="ini\CIniFile.h">
      <Filter>Source Files\ini</Filter>
    </ClInclude>
    <ClInclude Include="ini\CINIHandler.h">
      <Filter>Source Files\ini</Filter>
    </ClInclude>
    <ClInclude Include="log\CLogger.h">
      <Filter>Source Files\log</Filter>
    </ClInclude>
    <ClInclude Include="log\defines.h">
      <Filter>Source Files\log</Filter>
    </ClInclude>
    <ClInclude Include="thread\CThreadPool.h">
      <Filter>Source Files\thread</Filter>
    </ClInclude>
    <ClInclude Include="thread\defines.h">
      <Filter>Source Files\thread</Filter>
    </ClInclude>
    <ClInclude Include="common\datetime.h">
      <Filter>Source Files\common</Filter>
    </ClInclude>
    <ClInclude Include="common\ISingleton.h">
      <Filter>Source Files\common</Filter>
    </ClInclude>
    <ClInclude Include="common\modules.h">
      <Filter>Source Files\common</Filter>
    </ClInclude>
    <ClInclude Include="common\utility.h">
      <Filter>Source Files\common</Filter>
    </ClInclude>
    <ClInclude Include="json\JsonDocument.h">
      <Filter>Source Files\json</Filter>
    </ClInclude>
    <ClInclude Include="json\JsonValue.h">
      <Filter>Source Files\json</Filter>
    </ClInclude>
    <ClInclude Include="common\defines.h">
      <Filter>Source Files\common</Filter>
    </ClInclude>
    <ClInclude Include="base\CDatable.h">
      <Filter>Source Files\base</Filter>
    </ClInclude>
  </ItemGroup>
  <ItemGroup>
    <None Include="request\request.proto">
      <Filter>Source Files\request</Filter>
    </None>
  </ItemGroup>
</Project>